
Microsoft Visual Studio Solution File, Format Version 12.00
# Visual Studio 16
Project("{FAE04EC0-301F-11D3-BF4B-00C04F79EFBC}") = "VuforiaScripts", "VuforiaScripts.csproj", "{0BF5D4B6-D3E0-4440-898E-405B07154181}"
EndProject
Project("{FAE04EC0-301F-11D3-BF4B-00C04F79EFBC}") = "Assembly-CSharp-firstpass", "Assembly-CSharp-firstpass.csproj", "{9176CAE2-DF9C-F65C-D915-686C0A4C97EF}"
EndProject
Project("{FAE04EC0-301F-11D3-BF4B-00C04F79EFBC}") = "Assembly-CSharp", "Assembly-CSharp.csproj", "{B88FD940-19F9-5981-55C6-9601D3F27C8C}"
EndProject
Project("{FAE04EC0-301F-11D3-BF4B-00C04F79EFBC}") = "VuforiaEditorScripts", "VuforiaEditorScripts.csproj", "{5A5E1485-ACD0-3785-8603-FC40A3DEB9C5}"
EndProject
Project("{FAE04EC0-301F-11D3-BF4B-00C04F79EFBC}") = "Assembly-CSharp-Editor-firstpass", "Assembly-CSharp-Editor-firstpass.csproj", "{EF8280C0-3270-9D28-D4B2-55120125E462}"
EndProject
Global
	GlobalSection(SolutionConfigurationPlatforms) = preSolution
		Debug|Any CPU = Debug|Any CPU
		Release|Any CPU = Release|Any CPU
	EndGlobalSection
	GlobalSection(ProjectConfigurationPlatforms) = postSolution
		{0BF5D4B6-D3E0-4440-898E-405B07154181}.Debug|Any CPU.ActiveCfg = Debug|Any CPU
		{0BF5D4B6-D3E0-4440-898E-405B07154181}.Debug|Any CPU.Build.0 = Debug|Any CPU
		{0BF5D4B6-D3E0-4440-898E-405B07154181}.Release|Any CPU.ActiveCfg = Release|Any CPU
		{0BF5D4B6-D3E0-4440-898E-405B07154181}.Release|Any CPU.Build.0 = Release|Any CPU
		{9176CAE2-DF9C-F65C-D915-686C0A4C97EF}.Debug|Any CPU.ActiveCfg = Debug|Any CPU
		{9176CAE2-DF9C-F65C-D915-686C0A4C97EF}.Debug|Any CPU.Build.0 = Debug|Any CPU
		{9176CAE2-DF9C-F65C-D915-686C0A4C97EF}.Release|Any CPU.ActiveCfg = Release|Any CPU
		{9176CAE2-DF9C-F65C-D915-686C0A4C97EF}.Release|Any CPU.Build.0 = Release|Any CPU
		{B88FD940-19F9-5981-55C6-9601D3F27C8C}.Debug|Any CPU.ActiveCfg = Debug|Any CPU
		{B88FD940-19F9-5981-55C6-9601D3F27C8C}.Debug|Any CPU.Build.0 = Debug|Any CPU
		{B88FD940-19F9-5981-55C6-9601D3F27C8C}.Release|Any CPU.ActiveCfg = Release|Any CPU
		{B88FD940-19F9-5981-55C6-9601D3F27C8C}.Release|Any CPU.Build.0 = Release|Any CPU
		{5A5E1485-ACD0-3785-8603-FC40A3DEB9C5}.Debug|Any CPU.ActiveCfg = Debug|Any CPU
		{5A5E1485-ACD0-3785-8603-FC40A3DEB9C5}.Debug|Any CPU.Build.0 = Debug|Any CPU
		{5A5E1485-ACD0-3785-8603-FC40A3DEB9C5}.Release|Any CPU.ActiveCfg = Release|Any CPU
		{5A5E1485-ACD0-3785-8603-FC40A3DEB9C5}.Release|Any CPU.Build.0 = Release|Any CPU
		{EF8280C0-3270-9D28-D4B2-55120125E462}.Debug|Any CPU.ActiveCfg = Debug|Any CPU
		{EF8280C0-3270-9D28-D4B2-55120125E462}.Debug|Any CPU.Build.0 = Debug|Any CPU
		{EF8280C0-3270-9D28-D4B2-55120125E462}.Release|Any CPU.ActiveCfg = Release|Any CPU
		{EF8280C0-3270-9D28-D4B2-55120125E462}.Release|Any CPU.Build.0 = Release|Any CPU
	EndGlobalSection
	GlobalSection(SolutionProperties) = preSolution
		HideSolutionNode = FALSE
	EndGlobalSection
	GlobalSection(MonoDevelopProperties) = preSolution
		StartupItem = Assembly-CSharp.csproj
	EndGlobalSection
EndGlobal
